<Solution>
  <Folder Name="/bench/">
    <Project Path="bench/Bench.csproj" />
  </Folder>
  <Folder Name="/src/">
    <Project Path="src/UnionUtil/UnionUtil.csproj" />
    <Project Path="src/UnionUtil.Generators/UnionUtil.Generators.csproj" />
     <Project Path="src/UnionUtil.Internal.Generators/UnionUtil.Internal.Generators.csproj" />
  </Folder>
  <Project Path="test/Test.csproj" />
</Solution>
